lockVersion: 2.0.0
id: 6e5cc09c-fe17-4475-aba0-8ecf0f8a58ef
management:
  docChecksum: 96f346615800012922884025afaa105c
  docVersion: 1.0.0
  speakeasyVersion: 1.551.0
  generationVersion: 2.610.0
  releaseVersion: 0.3.3
  configChecksum: 9610e1fea62f7c1764e409184b0c5b8e
  repoURL: https://github.com/walker-tx/esv-sdk-ts.git
  installationURL: https://github.com/walker-tx/esv-sdk-ts
  published: true
features:
  typescript:
    additionalDependencies: 0.1.0
    constsAndDefaults: 0.1.11
    core: 3.21.9
    defaultEnabledRetries: 0.1.0
    downloadStreams: 0.1.1
    enumUnions: 0.1.0
    envVarSecurityUsage: 0.1.2
    globalSecurity: 2.82.13
    globalSecurityCallbacks: 0.1.0
    globalSecurityFlattening: 0.1.0
    globalServerURLs: 2.82.5
    mcpServer: 0.9.2
    mockServer: 0.1.0
    nameOverrides: 2.81.2
    pagination: 2.83.0
    responseFormat: 0.2.3
    retries: 2.83.0
    sdkHooks: 0.2.0
    tests: 0.16.2
generatedFiles:
  - .gitattributes
  - .npmignore
  - FUNCTIONS.md
  - RUNTIMES.md
  - USAGE.md
  - docs/lib/utils/retryconfig.md
  - docs/models/components/passagemeta.md
  - docs/models/components/passageresponse.md
  - docs/models/components/security.md
  - docs/models/errors/errort.md
  - docs/models/operations/getpassageaudiorequest.md
  - docs/models/operations/getpassagehtmlrequest.md
  - docs/models/operations/getpassagetextrequest.md
  - docs/models/operations/indentusing.md
  - docs/models/operations/results.md
  - docs/models/operations/searchpassagesrequest.md
  - docs/models/operations/searchpassagesresponse.md
  - docs/models/operations/searchpassagesresponsebody.md
  - docs/models/operations/verses.md
  - docs/sdks/esv/README.md
  - docs/sdks/passages/README.md
  - eslint.config.mjs
  - jsr.json
  - package.json
  - src/__tests__/assertions.ts
  - src/__tests__/files.ts
  - src/__tests__/mockserver/.gitignore
  - src/__tests__/mockserver/Dockerfile
  - src/__tests__/mockserver/Makefile
  - src/__tests__/mockserver/README.md
  - src/__tests__/mockserver/go.mod
  - src/__tests__/mockserver/go.sum
  - src/__tests__/mockserver/internal/handler/assert/contenttype.go
  - src/__tests__/mockserver/internal/handler/assert/header.go
  - src/__tests__/mockserver/internal/handler/assert/parameter.go
  - src/__tests__/mockserver/internal/handler/assert/pointer.go
  - src/__tests__/mockserver/internal/handler/assert/security.go
  - src/__tests__/mockserver/internal/handler/doc.go
  - src/__tests__/mockserver/internal/handler/generated_handler.go
  - src/__tests__/mockserver/internal/handler/generated_handlers.go
  - src/__tests__/mockserver/internal/handler/values/files.go
  - src/__tests__/mockserver/internal/logging/doc.go
  - src/__tests__/mockserver/internal/logging/formats.go
  - src/__tests__/mockserver/internal/logging/http_file.go
  - src/__tests__/mockserver/internal/logging/http_logger.go
  - src/__tests__/mockserver/internal/logging/levels.go
  - src/__tests__/mockserver/internal/logging/logger.go
  - src/__tests__/mockserver/internal/logging/oas_operation.go
  - src/__tests__/mockserver/internal/logging/oas_operation_call.go
  - src/__tests__/mockserver/internal/sdk/models/components/httpmetadata.go
  - src/__tests__/mockserver/internal/sdk/models/components/passagemeta.go
  - src/__tests__/mockserver/internal/sdk/models/components/passageresponse.go
  - src/__tests__/mockserver/internal/sdk/models/components/security.go
  - src/__tests__/mockserver/internal/sdk/models/operations/getpassageaudio.go
  - src/__tests__/mockserver/internal/sdk/models/operations/getpassagehtml.go
  - src/__tests__/mockserver/internal/sdk/models/operations/getpassagetext.go
  - src/__tests__/mockserver/internal/sdk/models/operations/searchpassages.go
  - src/__tests__/mockserver/internal/sdk/models/sdkerrors/error.go
  - src/__tests__/mockserver/internal/sdk/types/bigint.go
  - src/__tests__/mockserver/internal/sdk/types/date.go
  - src/__tests__/mockserver/internal/sdk/types/datetime.go
  - src/__tests__/mockserver/internal/sdk/types/decimal.go
  - src/__tests__/mockserver/internal/sdk/types/jsonl/jsonl.go
  - src/__tests__/mockserver/internal/sdk/types/pointers.go
  - src/__tests__/mockserver/internal/sdk/utils/json.go
  - src/__tests__/mockserver/internal/sdk/utils/reflect.go
  - src/__tests__/mockserver/internal/sdk/utils/sort.go
  - src/__tests__/mockserver/internal/server/doc.go
  - src/__tests__/mockserver/internal/server/generated_handlers.go
  - src/__tests__/mockserver/internal/server/internal_handlers.go
  - src/__tests__/mockserver/internal/server/server.go
  - src/__tests__/mockserver/internal/server/server_option.go
  - src/__tests__/mockserver/internal/server/templates/log/index.html.tmpl
  - src/__tests__/mockserver/internal/server/templates/log/operation.html.tmpl
  - src/__tests__/mockserver/internal/server/templates/log/style.css.tmpl
  - src/__tests__/mockserver/internal/tracking/requesttracker.go
  - src/__tests__/mockserver/main.go
  - src/__tests__/passages.test.ts
  - src/__tests__/testclient.ts
  - src/core.ts
  - src/funcs/passagesGetAudio.ts
  - src/funcs/passagesGetHtml.ts
  - src/funcs/passagesGetText.ts
  - src/funcs/passagesSearch.ts
  - src/hooks/hooks.ts
  - src/hooks/index.ts
  - src/hooks/types.ts
  - src/index.ts
  - src/lib/base64.ts
  - src/lib/config.ts
  - src/lib/dlv.ts
  - src/lib/encodings.ts
  - src/lib/env.ts
  - src/lib/files.ts
  - src/lib/http.ts
  - src/lib/is-plain-object.ts
  - src/lib/logger.ts
  - src/lib/matchers.ts
  - src/lib/primitives.ts
  - src/lib/retries.ts
  - src/lib/schemas.ts
  - src/lib/sdks.ts
  - src/lib/security.ts
  - src/lib/url.ts
  - src/mcp-server/build.mts
  - src/mcp-server/cli.ts
  - src/mcp-server/cli/start/command.ts
  - src/mcp-server/cli/start/impl.ts
  - src/mcp-server/console-logger.ts
  - src/mcp-server/extensions.ts
  - src/mcp-server/mcp-server.ts
  - src/mcp-server/prompts.ts
  - src/mcp-server/resources.ts
  - src/mcp-server/scopes.ts
  - src/mcp-server/server.ts
  - src/mcp-server/shared.ts
  - src/mcp-server/tools.ts
  - src/mcp-server/tools/passagesGetAudio.ts
  - src/mcp-server/tools/passagesGetHtml.ts
  - src/mcp-server/tools/passagesGetText.ts
  - src/mcp-server/tools/passagesSearch.ts
  - src/models/components/index.ts
  - src/models/components/passagemeta.ts
  - src/models/components/passageresponse.ts
  - src/models/components/security.ts
  - src/models/errors/apierror.ts
  - src/models/errors/error.ts
  - src/models/errors/httpclienterrors.ts
  - src/models/errors/index.ts
  - src/models/errors/sdkvalidationerror.ts
  - src/models/operations/getpassageaudio.ts
  - src/models/operations/getpassagehtml.ts
  - src/models/operations/getpassagetext.ts
  - src/models/operations/index.ts
  - src/models/operations/searchpassages.ts
  - src/sdk/index.ts
  - src/sdk/passages.ts
  - src/sdk/sdk.ts
  - src/types/async.ts
  - src/types/blobs.ts
  - src/types/constdatetime.ts
  - src/types/enums.ts
  - src/types/fp.ts
  - src/types/index.ts
  - src/types/operations.ts
  - src/types/rfcdate.ts
  - src/types/streams.ts
  - tsconfig.json
examples:
  getPassageHtml:
    StandardReference:
      parameters:
        query:
          q: "John 1:1"
          include-passage-references: true
          include-verse-numbers: true
          include-first-verse-numbers: true
          include-footnotes: true
          include-footnote-body: true
          include-headings: true
          include-short-copyright: false
          include-copyright: false
          include-passage-horizontal-lines: false
          include-heading-horizontal-lines: false
          horizontal-line-length: 55
          include-selahs: true
          include-css-link: true
          inline-styles: false
          wrapping-div: true
          div-classes: "esv"
      responses:
        "200":
          application/json: {}
        "400":
          application/json: {"code": "<value>", "message": "<value>"}
    CompactNotation:
      parameters:
        query:
          q: "jn11.35"
          include-passage-references: true
          include-verse-numbers: true
          include-first-verse-numbers: true
          include-footnotes: true
          include-footnote-body: true
          include-headings: true
          include-short-copyright: false
          include-copyright: false
          include-passage-horizontal-lines: false
          include-heading-horizontal-lines: false
          horizontal-line-length: 55
          include-selahs: true
          include-css-link: true
          inline-styles: false
          wrapping-div: true
          div-classes: "esv"
      responses:
        "200":
          application/json: {}
        "400":
          application/json: {"code": "<value>", "message": "<value>"}
    ChapterRange:
      parameters:
        query:
          q: "Genesis 1-3"
          include-passage-references: true
          include-verse-numbers: true
          include-first-verse-numbers: true
          include-footnotes: true
          include-footnote-body: true
          include-headings: true
          include-short-copyright: false
          include-copyright: false
          include-passage-horizontal-lines: false
          include-heading-horizontal-lines: false
          horizontal-line-length: 55
          include-selahs: true
          include-css-link: true
          inline-styles: false
          wrapping-div: true
          div-classes: "esv"
      responses:
        "200":
          application/json: {}
        "400":
          application/json: {"code": "<value>", "message": "<value>"}
    NumericalEncoding:
      parameters:
        query:
          q: "43011035"
          include-passage-references: true
          include-verse-numbers: true
          include-first-verse-numbers: true
          include-footnotes: true
          include-footnote-body: true
          include-headings: true
          include-short-copyright: false
          include-copyright: false
          include-passage-horizontal-lines: false
          include-heading-horizontal-lines: false
          horizontal-line-length: 55
          include-selahs: true
          include-css-link: true
          inline-styles: false
          wrapping-div: true
          div-classes: "esv"
      responses:
        "200":
          application/json: {}
        "400":
          application/json: {"code": "<value>", "message": "<value>"}
    DigitalRange:
      parameters:
        query:
          q: "01001001-01011032"
          include-passage-references: true
          include-verse-numbers: true
          include-first-verse-numbers: true
          include-footnotes: true
          include-footnote-body: true
          include-headings: true
          include-short-copyright: false
          include-copyright: false
          include-passage-horizontal-lines: false
          include-heading-horizontal-lines: false
          horizontal-line-length: 55
          include-selahs: true
          include-css-link: true
          inline-styles: false
          wrapping-div: true
          div-classes: "esv"
      responses:
        "200":
          application/json: {}
        "400":
          application/json: {"code": "<value>", "message": "<value>"}
    MultiReference:
      parameters:
        query:
          q: "John1.1;Genesis1.1"
          include-passage-references: true
          include-verse-numbers: true
          include-first-verse-numbers: true
          include-footnotes: true
          include-footnote-body: true
          include-headings: true
          include-short-copyright: false
          include-copyright: false
          include-passage-horizontal-lines: false
          include-heading-horizontal-lines: false
          horizontal-line-length: 55
          include-selahs: true
          include-css-link: true
          inline-styles: false
          wrapping-div: true
          div-classes: "esv"
      responses:
        "200":
          application/json: {}
        "400":
          application/json: {"code": "<value>", "message": "<value>"}
    StructuredDigital:
      parameters:
        query:
          q: "19001001-19001006,19003001-19003008"
          include-passage-references: true
          include-verse-numbers: true
          include-first-verse-numbers: true
          include-footnotes: true
          include-footnote-body: true
          include-headings: true
          include-short-copyright: false
          include-copyright: false
          include-passage-horizontal-lines: false
          include-heading-horizontal-lines: false
          horizontal-line-length: 55
          include-selahs: true
          include-css-link: true
          inline-styles: false
          wrapping-div: true
          div-classes: "esv"
      responses:
        "200":
          application/json: {}
        "400":
          application/json: {"code": "<value>", "message": "<value>"}
    "":
      parameters:
        query:
          q: "<value>"
          include-passage-references: true
          include-verse-numbers: true
          include-first-verse-numbers: true
          include-footnotes: true
          include-footnote-body: true
          include-headings: true
          include-short-copyright: false
          include-copyright: false
          include-passage-horizontal-lines: false
          include-heading-horizontal-lines: false
          horizontal-line-length: 55
          include-selahs: true
          include-css-link: true
          inline-styles: false
          wrapping-div: true
          div-classes: "esv"
      responses:
        "200":
          application/json: {}
        "400":
          application/json: {"code": "<value>", "message": "<value>"}
  searchPassages:
    speakeasy-default-search-passages:
      parameters:
        query:
          q: "<value>"
          page-size: 20
          page: 1
      responses:
        "200":
          application/json: {}
        "400":
          application/json: {"code": "<value>", "message": "<value>"}
  getPassageAudio:
    StandardReference:
      parameters:
        query:
          q: "John 1:1"
      responses:
        "200":
          audio/mpeg: "x-file: example.file"
        "400":
          application/json: {"code": "<value>", "message": "<value>"}
    CompactNotation:
      parameters:
        query:
          q: "jn11.35"
      responses:
        "200":
          audio/mpeg: "x-file: example.file"
        "400":
          application/json: {"code": "<value>", "message": "<value>"}
    ChapterRange:
      parameters:
        query:
          q: "Genesis 1-3"
      responses:
        "200":
          audio/mpeg: "x-file: example.file"
        "400":
          application/json: {"code": "<value>", "message": "<value>"}
    NumericalEncoding:
      parameters:
        query:
          q: "43011035"
      responses:
        "200":
          audio/mpeg: "x-file: example.file"
        "400":
          application/json: {"code": "<value>", "message": "<value>"}
    DigitalRange:
      parameters:
        query:
          q: "01001001-01011032"
      responses:
        "200":
          audio/mpeg: "x-file: example.file"
        "400":
          application/json: {"code": "<value>", "message": "<value>"}
    MultiReference:
      parameters:
        query:
          q: "John1.1;Genesis1.1"
      responses:
        "200":
          audio/mpeg: "x-file: example.file"
        "400":
          application/json: {"code": "<value>", "message": "<value>"}
    StructuredDigital:
      parameters:
        query:
          q: "19001001-19001006,19003001-19003008"
      responses:
        "200":
          audio/mpeg: "x-file: example.file"
        "400":
          application/json: {"code": "<value>", "message": "<value>"}
  getPassageText:
    StandardReference:
      parameters:
        query:
          q: "John 1:1"
          include-passage-references: true
          include-verse-numbers: true
          include-first-verse-numbers: true
          include-footnotes: true
          include-footnote-body: true
          include-headings: true
          include-short-copyright: false
          include-copyright: false
          include-passage-horizontal-lines: false
          include-heading-horizontal-lines: false
          horizontal-line-length: 55
          include-selahs: true
          indent-using: "space"
          indent-paragraphs: 2
          indent-poetry: 2
          indent-poetry-lines: 4
          indent-declares: 40
          indent-psalm-doxology: 30
          line-length: 0
      responses:
        "200":
          application/json: {}
        "400":
          application/json: {"code": "<value>", "message": "<value>"}
    CompactNotation:
      parameters:
        query:
          q: "jn11.35"
          include-passage-references: true
          include-verse-numbers: true
          include-first-verse-numbers: true
          include-footnotes: true
          include-footnote-body: true
          include-headings: true
          include-short-copyright: false
          include-copyright: false
          include-passage-horizontal-lines: false
          include-heading-horizontal-lines: false
          horizontal-line-length: 55
          include-selahs: true
          indent-using: "space"
          indent-paragraphs: 2
          indent-poetry: 2
          indent-poetry-lines: 4
          indent-declares: 40
          indent-psalm-doxology: 30
          line-length: 0
      responses:
        "200":
          application/json: {}
        "400":
          application/json: {"code": "<value>", "message": "<value>"}
    ChapterRange:
      parameters:
        query:
          q: "Genesis 1-3"
          include-passage-references: true
          include-verse-numbers: true
          include-first-verse-numbers: true
          include-footnotes: true
          include-footnote-body: true
          include-headings: true
          include-short-copyright: false
          include-copyright: false
          include-passage-horizontal-lines: false
          include-heading-horizontal-lines: false
          horizontal-line-length: 55
          include-selahs: true
          indent-using: "space"
          indent-paragraphs: 2
          indent-poetry: 2
          indent-poetry-lines: 4
          indent-declares: 40
          indent-psalm-doxology: 30
          line-length: 0
      responses:
        "200":
          application/json: {}
        "400":
          application/json: {"code": "<value>", "message": "<value>"}
    NumericalEncoding:
      parameters:
        query:
          q: "43011035"
          include-passage-references: true
          include-verse-numbers: true
          include-first-verse-numbers: true
          include-footnotes: true
          include-footnote-body: true
          include-headings: true
          include-short-copyright: false
          include-copyright: false
          include-passage-horizontal-lines: false
          include-heading-horizontal-lines: false
          horizontal-line-length: 55
          include-selahs: true
          indent-using: "space"
          indent-paragraphs: 2
          indent-poetry: 2
          indent-poetry-lines: 4
          indent-declares: 40
          indent-psalm-doxology: 30
          line-length: 0
      responses:
        "200":
          application/json: {}
        "400":
          application/json: {"code": "<value>", "message": "<value>"}
    DigitalRange:
      parameters:
        query:
          q: "01001001-01011032"
          include-passage-references: true
          include-verse-numbers: true
          include-first-verse-numbers: true
          include-footnotes: true
          include-footnote-body: true
          include-headings: true
          include-short-copyright: false
          include-copyright: false
          include-passage-horizontal-lines: false
          include-heading-horizontal-lines: false
          horizontal-line-length: 55
          include-selahs: true
          indent-using: "space"
          indent-paragraphs: 2
          indent-poetry: 2
          indent-poetry-lines: 4
          indent-declares: 40
          indent-psalm-doxology: 30
          line-length: 0
      responses:
        "200":
          application/json: {}
        "400":
          application/json: {"code": "<value>", "message": "<value>"}
    MultiReference:
      parameters:
        query:
          q: "John1.1;Genesis1.1"
          include-passage-references: true
          include-verse-numbers: true
          include-first-verse-numbers: true
          include-footnotes: true
          include-footnote-body: true
          include-headings: true
          include-short-copyright: false
          include-copyright: false
          include-passage-horizontal-lines: false
          include-heading-horizontal-lines: false
          horizontal-line-length: 55
          include-selahs: true
          indent-using: "space"
          indent-paragraphs: 2
          indent-poetry: 2
          indent-poetry-lines: 4
          indent-declares: 40
          indent-psalm-doxology: 30
          line-length: 0
      responses:
        "200":
          application/json: {}
        "400":
          application/json: {"code": "<value>", "message": "<value>"}
    StructuredDigital:
      parameters:
        query:
          q: "19001001-19001006,19003001-19003008"
          include-passage-references: true
          include-verse-numbers: true
          include-first-verse-numbers: true
          include-footnotes: true
          include-footnote-body: true
          include-headings: true
          include-short-copyright: false
          include-copyright: false
          include-passage-horizontal-lines: false
          include-heading-horizontal-lines: false
          horizontal-line-length: 55
          include-selahs: true
          indent-using: "space"
          indent-paragraphs: 2
          indent-poetry: 2
          indent-poetry-lines: 4
          indent-declares: 40
          indent-psalm-doxology: 30
          line-length: 0
      responses:
        "200":
          application/json: {}
        "400":
          application/json: {"code": "<value>", "message": "<value>"}
    "":
      parameters:
        query:
          q: "<value>"
          include-passage-references: true
          include-verse-numbers: true
          include-first-verse-numbers: true
          include-footnotes: true
          include-footnote-body: true
          include-headings: true
          include-short-copyright: false
          include-copyright: false
          include-passage-horizontal-lines: false
          include-heading-horizontal-lines: false
          horizontal-line-length: 55
          include-selahs: true
          indent-using: "space"
          indent-paragraphs: 2
          indent-poetry: 2
          indent-poetry-lines: 4
          indent-declares: 40
          indent-psalm-doxology: 30
          line-length: 0
      responses:
        "200":
          application/json: {}
        "400":
          application/json: {"code": "<value>", "message": "<value>"}
examplesVersion: 1.0.2
generatedTests:
  getPassageHtml: "2025-04-28T13:02:17-05:00"
  searchPassages: "2025-04-28T13:02:17-05:00"
  getPassageAudio: "2025-04-28T13:02:17-05:00"
  getPassageText: "2025-04-28T13:02:17-05:00"
