speakeasyVersion: 1.481.1
sources:
    ESV.org API:
        sourceNamespace: esv-org-api
        sourceRevisionDigest: sha256:8be3280c79d3f646aff0345636a29c930002b75d111700356ef0bfdac56b8374
        sourceBlobDigest: sha256:2e9e50bbaaaf0752a40763a05ca276d672825ff0a40aa8755a2ac7609641b7ef
        tags:
            - latest
            - 1.0.0
targets:
    esv:
        source: ESV.org API
        sourceNamespace: esv-org-api
        sourceRevisionDigest: sha256:8be3280c79d3f646aff0345636a29c930002b75d111700356ef0bfdac56b8374
        sourceBlobDigest: sha256:2e9e50bbaaaf0752a40763a05ca276d672825ff0a40aa8755a2ac7609641b7ef
        codeSamplesNamespace: esv-org-api-typescript-code-samples
        codeSamplesRevisionDigest: sha256:2ff0fcf03ec64d19f421ea04143b32e6653620d52658210b1a064b11e908e7c0
workflow:
    workflowVersion: 1.0.0
    speakeasyVersion: latest
    sources:
        ESV.org API:
            inputs:
                - location: openapi.yaml
            registry:
                location: registry.speakeasyapi.dev/walker/esv/esv-org-api
    targets:
        esv:
            target: typescript
            source: ESV.org API
            publish:
                npm:
                    token: $npm_token
            codeSamples:
                registry:
                    location: registry.speakeasyapi.dev/walker/esv/esv-org-api-typescript-code-samples
                labelOverride:
                    fixedValue: Typescript (SDK)
                blocking: false
