speakeasyVersion: 1.498.0
sources:
    ESV.org API:
        sourceNamespace: esv-org-api
        sourceRevisionDigest: sha256:e7924a0fa3abe842e638bc58e98f8becf6a999de9bccafd4538bdcbcb8deda74
        sourceBlobDigest: sha256:aa45a5cd72f8b25ef3d411e18de9bdf59ec407dc833b577731a8a09e6722977c
        tags:
            - latest
            - speakeasy-sdk-regen-1740054459
            - 1.0.0
targets:
    esv:
        source: ESV.org API
        sourceNamespace: esv-org-api
        sourceRevisionDigest: sha256:e7924a0fa3abe842e638bc58e98f8becf6a999de9bccafd4538bdcbcb8deda74
        sourceBlobDigest: sha256:aa45a5cd72f8b25ef3d411e18de9bdf59ec407dc833b577731a8a09e6722977c
        codeSamplesNamespace: esv-org-api-typescript-code-samples
        codeSamplesRevisionDigest: sha256:82f1e821ef86ef4c0e52c36477ac649d7b740cef560070fc82344b3482d1bd39
workflow:
    workflowVersion: 1.0.0
    speakeasyVersion: latest
    sources:
        ESV.org API:
            inputs:
                - location: openapi.yaml
            registry:
                location: registry.speakeasyapi.dev/walker/esv/esv-org-api
    targets:
        esv:
            target: typescript
            source: ESV.org API
            publish:
                npm:
                    token: $npm_token
            codeSamples:
                registry:
                    location: registry.speakeasyapi.dev/walker/esv/esv-org-api-typescript-code-samples
                labelOverride:
                    fixedValue: Typescript (SDK)
                blocking: false
